// !$*UTF8*$!
{
	archiveVersion = 1;
	classes = {
	};
	objectVersion = 46;
	objects = {

/* Begin PBXBuildFile section */
		15BBA4031D8246E2005FE86D /* main.m in Sources */ = {isa = PBXBuildFile; fileRef = 15BBA4021D8246E2005FE86D /* main.m */; };
		15BBA4061D8246E2005FE86D /* AppDelegate.m in Sources */ = {isa = PBXBuildFile; fileRef = 15BBA4051D8246E2005FE86D /* AppDelegate.m */; };
		15BBA4091D8246E2005FE86D /* ViewController.m in Sources */ = {isa = PBXBuildFile; fileRef = 15BBA4081D8246E2005FE86D /* ViewController.m */; };
		15BBA40C1D8246E2005FE86D /* Main.storyboard in Resources */ = {isa = PBXBuildFile; fileRef = 15BBA40A1D8246E2005FE86D /* Main.storyboard */; };
		15BBA40E1D8246E2005FE86D /* Assets.xcassets in Resources */ = {isa = PBXBuildFile; fileRef = 15BBA40D1D8246E2005FE86D /* Assets.xcassets */; };
		15BBA4111D8246E2005FE86D /* LaunchScreen.storyboard in Resources */ = {isa = PBXBuildFile; fileRef = 15BBA40F1D8246E2005FE86D /* LaunchScreen.storyboard */; };
		15BBA4191D824821005FE86D /* test.jpg in Resources */ = {isa = PBXBuildFile; fileRef = 15BBA4181D824821005FE86D /* test.jpg */; };
		84428FB72049A4C80044AD30 /* Ch3_1_ViewController.m in Sources */ = {isa = PBXBuildFile; fileRef = 84428FB62049A4C80044AD30 /* Ch3_1_ViewController.m */; };
		84428FBA2049A93D0044AD30 /* Ch1_1_ViewController.m in Sources */ = {isa = PBXBuildFile; fileRef = 84428FB92049A93D0044AD30 /* Ch1_1_ViewController.m */; };
/* End PBXBuildFile section */

/* Begin PBXFileReference section */
		15BBA3FE1D8246E1005FE86D /* OpenGLES01.app */ = {isa = PBXFileReference; explicitFileType = wrapper.application; includeInIndex = 0; path = OpenGLES01.app; sourceTree = BUILT_PRODUCTS_DIR; };
		15BBA4021D8246E2005FE86D /* main.m */ = {isa = PBXFileReference; lastKnownFileType = sourcecode.c.objc; path = main.m; sourceTree = "<group>"; };
		15BBA4041D8246E2005FE86D /* AppDelegate.h */ = {isa = PBXFileReference; lastKnownFileType = sourcecode.c.h; path = AppDelegate.h; sourceTree = "<group>"; };
		15BBA4051D8246E2005FE86D /* AppDelegate.m */ = {isa = PBXFileReference; lastKnownFileType = sourcecode.c.objc; path = AppDelegate.m; sourceTree = "<group>"; };
		15BBA4071D8246E2005FE86D /* ViewController.h */ = {isa = PBXFileReference; lastKnownFileType = sourcecode.c.h; path = ViewController.h; sourceTree = "<group>"; };
		15BBA4081D8246E2005FE86D /* ViewController.m */ = {isa = PBXFileReference; lastKnownFileType = sourcecode.c.objc; path = ViewController.m; sourceTree = "<group>"; };
		15BBA40B1D8246E2005FE86D /* Base */ = {isa = PBXFileReference; lastKnownFileType = file.storyboard; name = Base; path = Base.lproj/Main.storyboard; sourceTree = "<group>"; };
		15BBA40D1D8246E2005FE86D /* Assets.xcassets */ = {isa = PBXFileReference; lastKnownFileType = folder.assetcatalog; path = Assets.xcassets; sourceTree = "<group>"; };
		15BBA4101D8246E2005FE86D /* Base */ = {isa = PBXFileReference; lastKnownFileType = file.storyboard; name = Base; path = Base.lproj/LaunchScreen.storyboard; sourceTree = "<group>"; };
		15BBA4121D8246E2005FE86D /* Info.plist */ = {isa = PBXFileReference; lastKnownFileType = text.plist.xml; path = Info.plist; sourceTree = "<group>"; };
		15BBA4181D824821005FE86D /* test.jpg */ = {isa = PBXFileReference; lastKnownFileType = image.jpeg; path = test.jpg; sourceTree = "<group>"; };
		84428FB52049A4C80044AD30 /* Ch3_1_ViewController.h */ = {isa = PBXFileReference; lastKnownFileType = sourcecode.c.h; path = Ch3_1_ViewController.h; sourceTree = "<group>"; };
		84428FB62049A4C80044AD30 /* Ch3_1_ViewController.m */ = {isa = PBXFileReference; lastKnownFileType = sourcecode.c.objc; path = Ch3_1_ViewController.m; sourceTree = "<group>"; };
		84428FB82049A93D0044AD30 /* Ch1_1_ViewController.h */ = {isa = PBXFileReference; lastKnownFileType = sourcecode.c.h; path = Ch1_1_ViewController.h; sourceTree = "<group>"; };
		84428FB92049A93D0044AD30 /* Ch1_1_ViewController.m */ = {isa = PBXFileReference; lastKnownFileType = sourcecode.c.objc; path = Ch1_1_ViewController.m; sourceTree = "<group>"; };
/* End PBXFileReference section */

/* Begin PBXFrameworksBuildPhase section */
		15BBA3FB1D8246E1005FE86D /* Frameworks */ = {
			isa = PBXFrameworksBuildPhase;
			buildActionMask = 2147483647;
			files = (
			);
			runOnlyForDeploymentPostprocessing = 0;
		};
/* End PBXFrameworksBuildPhase section */

/* Begin PBXGroup section */
		15BBA3F51D8246E1005FE86D = {
			isa = PBXGroup;
			children = (
				15BBA4001D8246E2005FE86D /* OpenGLES01 */,
				15BBA3FF1D8246E1005FE86D /* Products */,
			);
			sourceTree = "<group>";
		};
		15BBA3FF1D8246E1005FE86D /* Products */ = {
			isa = PBXGroup;
			children = (
				15BBA3FE1D8246E1005FE86D /* OpenGLES01.app */,
			);
			name = Products;
			sourceTree = "<group>";
		};
		15BBA4001D8246E2005FE86D /* OpenGLES01 */ = {
			isa = PBXGroup;
			children = (
				15BBA4041D8246E2005FE86D /* AppDelegate.h */,
				15BBA4051D8246E2005FE86D /* AppDelegate.m */,
				15BBA4071D8246E2005FE86D /* ViewController.h */,
				15BBA4081D8246E2005FE86D /* ViewController.m */,
				15BBA40A1D8246E2005FE86D /* Main.storyboard */,
				15BBA4181D824821005FE86D /* test.jpg */,
				15BBA40D1D8246E2005FE86D /* Assets.xcassets */,
				15BBA40F1D8246E2005FE86D /* LaunchScreen.storyboard */,
				15BBA4121D8246E2005FE86D /* Info.plist */,
				15BBA4011D8246E2005FE86D /* Supporting Files */,
				84428FB52049A4C80044AD30 /* Ch3_1_ViewController.h */,
				84428FB62049A4C80044AD30 /* Ch3_1_ViewController.m */,
				84428FB82049A93D0044AD30 /* Ch1_1_ViewController.h */,
				84428FB92049A93D0044AD30 /* Ch1_1_ViewController.m */,
			);
			path = OpenGLES01;
			sourceTree = "<group>";
		};
		15BBA4011D8246E2005FE86D /* Supporting Files */ = {
			isa = PBXGroup;
			children = (
				15BBA4021D8246E2005FE86D /* main.m */,
			);
			name = "Supporting Files";
			sourceTree = "<group>";
		};
/* End PBXGroup section */

/* Begin PBXNativeTarget section */
		15BBA3FD1D8246E1005FE86D /* OpenGLES01 */ = {
			isa = PBXNativeTarget;
			buildConfigurationList = 15BBA4151D8246E2005FE86D /* Build configuration list for PBXNativeTarget "OpenGLES01" */;
			buildPhases = (
				15BBA3FA1D8246E1005FE86D /* Sources */,
				15BBA3FB1D8246E1005FE86D /* Frameworks */,
				15BBA3FC1D8246E1005FE86D /* Resources */,
			);
			buildRules = (
			);
			dependencies = (
			);
			name = OpenGLES01;
			productName = OpenGLES01;
			productReference = 15BBA3FE1D8246E1005FE86D /* OpenGLES01.app */;
			productType = "com.apple.product-type.application";
		};
/* End PBXNativeTarget section */

/* Begin PBXProject section */
		15BBA3F61D8246E1005FE86D /* Project object */ = {
			isa = PBXProject;
			attributes = {
				LastUpgradeCheck = 0730;
				ORGANIZATIONNAME = Don9;
				TargetAttributes = {
					15BBA3FD1D8246E1005FE86D = {
						CreatedOnToolsVersion = 7.3;
					};
				};
			};
			buildConfigurationList = 15BBA3F91D8246E1005FE86D /* Build configuration list for PBXProject "OpenGLES01" */;
			compatibilityVersion = "Xcode 3.2";
			developmentRegion = English;
			hasScannedForEncodings = 0;
			knownRegions = (
				en,
				Base,
			);
			mainGroup = 15BBA3F51D8246E1005FE86D;
			productRefGroup = 15BBA3FF1D8246E1005FE86D /* Products */;
			projectDirPath = "";
			projectRoot = "";
			targets = (
				15BBA3FD1D8246E1005FE86D /* OpenGLES01 */,
			);
		};
/* End PBXProject section */

/* Begin PBXResourcesBuildPhase section */
		15BBA3FC1D8246E1005FE86D /* Resources */ = {
			isa = PBXResourcesBuildPhase;
			buildActionMask = 2147483647;
			files = (
				15BBA4111D8246E2005FE86D /* LaunchScreen.storyboard in Resources */,
				15BBA4191D824821005FE86D /* test.jpg in Resources */,
				15BBA40E1D8246E2005FE86D /* Assets.xcassets in Resources */,
				15BBA40C1D8246E2005FE86D /* Main.storyboard in Resources */,
			);
			runOnlyForDeploymentPostprocessing = 0;
		};
/* End PBXResourcesBuildPhase section */

/* Begin PBXSourcesBuildPhase section */
		15BBA3FA1D8246E1005FE86D /* Sources */ = {
			isa = PBXSourcesBuildPhase;
			buildActionMask = 2147483647;
			files = (
				15BBA4091D8246E2005FE86D /* ViewController.m in Sources */,
				84428FB72049A4C80044AD30 /* Ch3_1_ViewController.m in Sources */,
				15BBA4061D8246E2005FE86D /* AppDelegate.m in Sources */,
				15BBA4031D8246E2005FE86D /* main.m in Sources */,
				84428FBA2049A93D0044AD30 /* Ch1_1_ViewController.m in Sources */,
			);
			runOnlyForDeploymentPostprocessing = 0;
		};
/* End PBXSourcesBuildPhase section */

/* Begin PBXVariantGroup section */
		15BBA40A1D8246E2005FE86D /* Main.storyboard */ = {
			isa = PBXVariantGroup;
			children = (
				15BBA40B1D8246E2005FE86D /* Base */,
			);
			name = Main.storyboard;
			sourceTree = "<group>";
		};
		15BBA40F1D8246E2005FE86D /* LaunchScreen.storyboard */ = {
			isa = PBXVariantGroup;
			children = (
				15BBA4101D8246E2005FE86D /* Base */,
			);
			name = LaunchScreen.storyboard;
			sourceTree = "<group>";
		};
/* End PBXVariantGroup section */

/* Begin XCBuildConfiguration section */
		15BBA4131D8246E2005FE86D /* Debug */ = {
			isa = XCBuildConfiguration;
			buildSettings = {
				ALWAYS_SEARCH_USER_PATHS = NO;
				CLANG_ANALYZER_NONNULL = YES;
				CLANG_CXX_LANGUAGE_STANDARD = "gnu++0x";
				CLANG_CXX_LIBRARY = "libc++";
				CLANG_ENABLE_MODULES = YES;
				CLANG_ENABLE_OBJC_ARC = YES;
				CLANG_WARN_BOOL_CONVERSION = YES;
				CLANG_WARN_CONSTANT_CONVERSION = YES;
				CLANG_WARN_DIRECT_OBJC_ISA_USAGE = YES_ERROR;
				CLANG_WARN_EMPTY_BODY = YES;
				CLANG_WARN_ENUM_CONVERSION = YES;
				CLANG_WARN_INT_CONVERSION = YES;
				CLANG_WARN_OBJC_ROOT_CLASS = YES_ERROR;
				CLANG_WARN_UNREACHABLE_CODE = YES;
				CLANG_WARN__DUPLICATE_METHOD_MATCH = YES;
				"CODE_SIGN_IDENTITY[sdk=iphoneos*]" = "iPhone Developer";
				COPY_PHASE_STRIP = NO;
				DEBUG_INFORMATION_FORMAT = dwarf;
				ENABLE_STRICT_OBJC_MSGSEND = YES;
				ENABLE_TESTABILITY = YES;
				GCC_C_LANGUAGE_STANDARD = gnu99;
				GCC_DYNAMIC_NO_PIC = NO;
				GCC_NO_COMMON_BLOCKS = YES;
				GCC_OPTIMIZATION_LEVEL = 0;
				GCC_PREPROCESSOR_DEFINITIONS = (
					"DEBUG=1",
					"$(inherited)",
				);
				GCC_WARN_64_TO_32_BIT_CONVERSION = YES;
				GCC_WARN_ABOUT_RETURN_TYPE = YES_ERROR;
				GCC_WARN_UNDECLARED_SELECTOR = YES;
				GCC_WARN_UNINITIALIZED_AUTOS = YES_AGGRESSIVE;
				GCC_WARN_UNUSED_FUNCTION = YES;
				GCC_WARN_UNUSED_VARIABLE = YES;
				IPHONEOS_DEPLOYMENT_TARGET = 9.3;
				MTL_ENABLE_DEBUG_INFO = YES;
				ONLY_ACTIVE_ARCH = YES;
				SDKROOT = iphoneos;
			};
			name = Debug;
		};
		15BBA4141D8246E2005FE86D /* Release */ = {
			isa = XCBuildConfiguration;
			buildSettings = {
				ALWAYS_SEARCH_USER_PATHS = NO;
				CLANG_ANALYZER_NONNULL = YES;
				CLANG_CXX_LANGUAGE_STANDARD = "gnu++0x";
				CLANG_CXX_LIBRARY = "libc++";
				CLANG_ENABLE_MODULES = YES;
				CLANG_ENABLE_OBJC_ARC = YES;
				CLANG_WARN_BOOL_CONVERSION = YES;
				CLANG_WARN_CONSTANT_CONVERSION = YES;
				CLANG_WARN_DIRECT_OBJC_ISA_USAGE = YES_ERROR;
				CLANG_WARN_EMPTY_BODY = YES;
				CLANG_WARN_ENUM_CONVERSION = YES;
				CLANG_WARN_INT_CONVERSION = YES;
				CLANG_WARN_OBJC_ROOT_CLASS = YES_ERROR;
				CLANG_WARN_UNREACHABLE_CODE = YES;
				CLANG_WARN__DUPLICATE_METHOD_MATCH = YES;
				"CODE_SIGN_IDENTITY[sdk=iphoneos*]" = "iPhone Developer";
				COPY_PHASE_STRIP = NO;
				DEBUG_INFORMATION_FORMAT = "dwarf-with-dsym";
				ENABLE_NS_ASSERTIONS = NO;
				ENABLE_STRICT_OBJC_MSGSEND = YES;
				GCC_C_LANGUAGE_STANDARD = gnu99;
				GCC_NO_COMMON_BLOCKS = YES;
				GCC_WARN_64_TO_32_BIT_CONVERSION = YES;
				GCC_WARN_ABOUT_RETURN_TYPE = YES_ERROR;
				GCC_WARN_UNDECLARED_SELECTOR = YES;
				GCC_WARN_UNINITIALIZED_AUTOS = YES_AGGRESSIVE;
				GCC_WARN_UNUSED_FUNCTION = YES;
				GCC_WARN_UNUSED_VARIABLE = YES;
				IPHONEOS_DEPLOYMENT_TARGET = 9.3;
				MTL_ENABLE_DEBUG_INFO = NO;
				SDKROOT = iphoneos;
				VALIDATE_PRODUCT = YES;
			};
			name = Release;
		};
		15BBA4161D8246E2005FE86D /* Debug */ = {
			isa = XCBuildConfiguration;
			buildSettings = {
				ASSETCATALOG_COMPILER_APPICON_NAME = AppIcon;
				CODE_SIGN_IDENTITY = "iPhone Developer";
				INFOPLIST_FILE = OpenGLES01/Info.plist;
				LD_RUNPATH_SEARCH_PATHS = "$(inherited) @executable_path/Frameworks";
				PRODUCT_BUNDLE_IDENTIFIER = com.spicespirit.OpenGLES01;
				PRODUCT_NAME = "$(TARGET_NAME)";
			};
			name = Debug;
		};
		15BBA4171D8246E2005FE86D /* Release */ = {
			isa = XCBuildConfiguration;
			buildSettings = {
				ASSETCATALOG_COMPILER_APPICON_NAME = AppIcon;
				CODE_SIGN_IDENTITY = "iPhone Developer";
				INFOPLIST_FILE = OpenGLES01/Info.plist;
				LD_RUNPATH_SEARCH_PATHS = "$(inherited) @executable_path/Frameworks";
				PRODUCT_BUNDLE_IDENTIFIER = com.spicespirit.OpenGLES01;
				PRODUCT_NAME = "$(TARGET_NAME)";
			};
			name = Release;
		};
/* End XCBuildConfiguration section */

/* Begin XCConfigurationList section */
		15BBA3F91D8246E1005FE86D /* Build configuration list for PBXProject "OpenGLES01" */ = {
			isa = XCConfigurationList;
			buildConfigurations = (
				15BBA4131D8246E2005FE86D /* Debug */,
				15BBA4141D8246E2005FE86D /* Release */,
			);
			defaultConfigurationIsVisible = 0;
			defaultConfigurationName = Release;
		};
		15BBA4151D8246E2005FE86D /* Build configuration list for PBXNativeTarget "OpenGLES01" */ = {
			isa = XCConfigurationList;
			buildConfigurations = (
				15BBA4161D8246E2005FE86D /* Debug */,
				15BBA4171D8246E2005FE86D /* Release */,
			);
			defaultConfigurationIsVisible = 0;
			defaultConfigurationName = Release;
		};
/* End XCConfigurationList section */
	};
	rootObject = 15BBA3F61D8246E1005FE86D /* Project object */;
}
